
Microsoft Visual Studio Solution File, Format Version 12.00
# Visual Studio Version 17
VisualStudioVersion = 17.0.31903.59
MinimumVisualStudioVersion = 10.0.40219.1
Project("{FAE04EC0-301F-11D3-BF4B-00C04F79EFBC}") = "Saboro.Web", "Saboro.Web\Saboro.Web.csproj", "{9D0B22B2-C064-46E6-B86C-99347B44FD64}"
EndProject
Project("{FAE04EC0-301F-11D3-BF4B-00C04F79EFBC}") = "Saboro.Data", "Saboro.Data\Saboro.Data.csproj", "{9B9FED03-C4C5-41AB-9266-5BD1453CA0C1}"
EndProject
Project("{FAE04EC0-301F-11D3-BF4B-00C04F79EFBC}") = "Saboro.Core", "Saboro.Core\Saboro.Core.csproj", "{DD37B2FE-79AC-4159-97AC-E00225E33B8F}"
EndProject
Global
	GlobalSection(SolutionConfigurationPlatforms) = preSolution
		Debug|Any CPU = Debug|Any CPU
		Debug|x64 = Debug|x64
		Debug|x86 = Debug|x86
		Release|Any CPU = Release|Any CPU
		Release|x64 = Release|x64
		Release|x86 = Release|x86
	EndGlobalSection
	GlobalSection(ProjectConfigurationPlatforms) = postSolution
		{9D0B22B2-C064-46E6-B86C-99347B44FD64}.Debug|Any CPU.ActiveCfg = Debug|Any CPU
		{9D0B22B2-C064-46E6-B86C-99347B44FD64}.Debug|Any CPU.Build.0 = Debug|Any CPU
		{9D0B22B2-C064-46E6-B86C-99347B44FD64}.Debug|x64.ActiveCfg = Debug|Any CPU
		{9D0B22B2-C064-46E6-B86C-99347B44FD64}.Debug|x64.Build.0 = Debug|Any CPU
		{9D0B22B2-C064-46E6-B86C-99347B44FD64}.Debug|x86.ActiveCfg = Debug|Any CPU
		{9D0B22B2-C064-46E6-B86C-99347B44FD64}.Debug|x86.Build.0 = Debug|Any CPU
		{9D0B22B2-C064-46E6-B86C-99347B44FD64}.Release|Any CPU.ActiveCfg = Release|Any CPU
		{9D0B22B2-C064-46E6-B86C-99347B44FD64}.Release|Any CPU.Build.0 = Release|Any CPU
		{9D0B22B2-C064-46E6-B86C-99347B44FD64}.Release|x64.ActiveCfg = Release|Any CPU
		{9D0B22B2-C064-46E6-B86C-99347B44FD64}.Release|x64.Build.0 = Release|Any CPU
		{9D0B22B2-C064-46E6-B86C-99347B44FD64}.Release|x86.ActiveCfg = Release|Any CPU
		{9D0B22B2-C064-46E6-B86C-99347B44FD64}.Release|x86.Build.0 = Release|Any CPU
		{9B9FED03-C4C5-41AB-9266-5BD1453CA0C1}.Debug|Any CPU.ActiveCfg = Debug|Any CPU
		{9B9FED03-C4C5-41AB-9266-5BD1453CA0C1}.Debug|Any CPU.Build.0 = Debug|Any CPU
		{9B9FED03-C4C5-41AB-9266-5BD1453CA0C1}.Debug|x64.ActiveCfg = Debug|Any CPU
		{9B9FED03-C4C5-41AB-9266-5BD1453CA0C1}.Debug|x64.Build.0 = Debug|Any CPU
		{9B9FED03-C4C5-41AB-9266-5BD1453CA0C1}.Debug|x86.ActiveCfg = Debug|Any CPU
		{9B9FED03-C4C5-41AB-9266-5BD1453CA0C1}.Debug|x86.Build.0 = Debug|Any CPU
		{9B9FED03-C4C5-41AB-9266-5BD1453CA0C1}.Release|Any CPU.ActiveCfg = Release|Any CPU
		{9B9FED03-C4C5-41AB-9266-5BD1453CA0C1}.Release|Any CPU.Build.0 = Release|Any CPU
		{9B9FED03-C4C5-41AB-9266-5BD1453CA0C1}.Release|x64.ActiveCfg = Release|Any CPU
		{9B9FED03-C4C5-41AB-9266-5BD1453CA0C1}.Release|x64.Build.0 = Release|Any CPU
		{9B9FED03-C4C5-41AB-9266-5BD1453CA0C1}.Release|x86.ActiveCfg = Release|Any CPU
		{9B9FED03-C4C5-41AB-9266-5BD1453CA0C1}.Release|x86.Build.0 = Release|Any CPU
		{DD37B2FE-79AC-4159-97AC-E00225E33B8F}.Debug|Any CPU.ActiveCfg = Debug|Any CPU
		{DD37B2FE-79AC-4159-97AC-E00225E33B8F}.Debug|Any CPU.Build.0 = Debug|Any CPU
		{DD37B2FE-79AC-4159-97AC-E00225E33B8F}.Debug|x64.ActiveCfg = Debug|Any CPU
		{DD37B2FE-79AC-4159-97AC-E00225E33B8F}.Debug|x64.Build.0 = Debug|Any CPU
		{DD37B2FE-79AC-4159-97AC-E00225E33B8F}.Debug|x86.ActiveCfg = Debug|Any CPU
		{DD37B2FE-79AC-4159-97AC-E00225E33B8F}.Debug|x86.Build.0 = Debug|Any CPU
		{DD37B2FE-79AC-4159-97AC-E00225E33B8F}.Release|Any CPU.ActiveCfg = Release|Any CPU
		{DD37B2FE-79AC-4159-97AC-E00225E33B8F}.Release|Any CPU.Build.0 = Release|Any CPU
		{DD37B2FE-79AC-4159-97AC-E00225E33B8F}.Release|x64.ActiveCfg = Release|Any CPU
		{DD37B2FE-79AC-4159-97AC-E00225E33B8F}.Release|x64.Build.0 = Release|Any CPU
		{DD37B2FE-79AC-4159-97AC-E00225E33B8F}.Release|x86.ActiveCfg = Release|Any CPU
		{DD37B2FE-79AC-4159-97AC-E00225E33B8F}.Release|x86.Build.0 = Release|Any CPU
	EndGlobalSection
	GlobalSection(SolutionProperties) = preSolution
		HideSolutionNode = FALSE
	EndGlobalSection
EndGlobal
